// !$*UTF8*$!
{
	archiveVersion = 1;
	classes = {
	};
	objectVersion = 56;
	objects = {

/* Begin PBXBuildFile section */
		ED46D8952B62EAA000E314A9 /* UberCloneSwiftUiApp.swift in Sources */ = {isa = PBXBuildFile; fileRef = ED46D8942B62EAA000E314A9 /* UberCloneSwiftUiApp.swift */; };
		ED46D89C2B62EAA200E314A9 /* Preview Assets.xcassets in Resources */ = {isa = PBXBuildFile; fileRef = ED46D89B2B62EAA200E314A9 /* Preview Assets.xcassets */; };
		ED46D8AA2B62EB4300E314A9 /* HomeView.swift in Sources */ = {isa = PBXBuildFile; fileRef = ED46D8A92B62EB4300E314A9 /* HomeView.swift */; };
		ED46D8AC2B62EC1B00E314A9 /* UberMapViewRepresentable.swift in Sources */ = {isa = PBXBuildFile; fileRef = ED46D8AB2B62EC1B00E314A9 /* UberMapViewRepresentable.swift */; };
		ED46D8AE2B62EE4000E314A9 /* LocationManager.swift in Sources */ = {isa = PBXBuildFile; fileRef = ED46D8AD2B62EE4000E314A9 /* LocationManager.swift */; };
		ED46D8B42B63DB3700E314A9 /* LocationSearchActivationView.swift in Sources */ = {isa = PBXBuildFile; fileRef = ED46D8B32B63DB3700E314A9 /* LocationSearchActivationView.swift */; };
		ED46D8B62B63DDEF00E314A9 /* MapViewActionButton.swift in Sources */ = {isa = PBXBuildFile; fileRef = ED46D8B52B63DDEF00E314A9 /* MapViewActionButton.swift */; };
		ED46D8B82B63DF5000E314A9 /* LocationSearchView.swift in Sources */ = {isa = PBXBuildFile; fileRef = ED46D8B72B63DF5000E314A9 /* LocationSearchView.swift */; };
		ED46D8BA2B63E65A00E314A9 /* LocationSearchResultCell.swift in Sources */ = {isa = PBXBuildFile; fileRef = ED46D8B92B63E65A00E314A9 /* LocationSearchResultCell.swift */; };
		ED46D8BC2B6444B100E314A9 /* LocationSearchViewModel.swift in Sources */ = {isa = PBXBuildFile; fileRef = ED46D8BB2B6444B100E314A9 /* LocationSearchViewModel.swift */; };
		EDC474752B67BAB2001870D6 /* MapViewState.swift in Sources */ = {isa = PBXBuildFile; fileRef = EDC474742B67BAB2001870D6 /* MapViewState.swift */; };
		EDC474782B68329C001870D6 /* RideRequestView.swift in Sources */ = {isa = PBXBuildFile; fileRef = EDC474772B68329C001870D6 /* RideRequestView.swift */; };
		EDC4747A2B68380C001870D6 /* Assets.xcassets in Resources */ = {isa = PBXBuildFile; fileRef = EDC474792B68380C001870D6 /* Assets.xcassets */; };
/* End PBXBuildFile section */

/* Begin PBXFileReference section */
		ED46D8912B62EAA000E314A9 /* UberCloneSwiftUi.app */ = {isa = PBXFileReference; explicitFileType = wrapper.application; includeInIndex = 0; path = UberCloneSwiftUi.app; sourceTree = BUILT_PRODUCTS_DIR; };
		ED46D8942B62EAA000E314A9 /* UberCloneSwiftUiApp.swift */ = {isa = PBXFileReference; lastKnownFileType = sourcecode.swift; path = UberCloneSwiftUiApp.swift; sourceTree = "<group>"; };
		ED46D89B2B62EAA200E314A9 /* Preview Assets.xcassets */ = {isa = PBXFileReference; lastKnownFileType = folder.assetcatalog; path = "Preview Assets.xcassets"; sourceTree = "<group>"; };
		ED46D8A92B62EB4300E314A9 /* HomeView.swift */ = {isa = PBXFileReference; lastKnownFileType = sourcecode.swift; path = HomeView.swift; sourceTree = "<group>"; };
		ED46D8AB2B62EC1B00E314A9 /* UberMapViewRepresentable.swift */ = {isa = PBXFileReference; lastKnownFileType = sourcecode.swift; path = UberMapViewRepresentable.swift; sourceTree = "<group>"; };
		ED46D8AD2B62EE4000E314A9 /* LocationManager.swift */ = {isa = PBXFileReference; lastKnownFileType = sourcecode.swift; path = LocationManager.swift; sourceTree = "<group>"; };
		ED46D8B32B63DB3700E314A9 /* LocationSearchActivationView.swift */ = {isa = PBXFileReference; lastKnownFileType = sourcecode.swift; path = LocationSearchActivationView.swift; sourceTree = "<group>"; };
		ED46D8B52B63DDEF00E314A9 /* MapViewActionButton.swift */ = {isa = PBXFileReference; lastKnownFileType = sourcecode.swift; path = MapViewActionButton.swift; sourceTree = "<group>"; };
		ED46D8B72B63DF5000E314A9 /* LocationSearchView.swift */ = {isa = PBXFileReference; lastKnownFileType = sourcecode.swift; path = LocationSearchView.swift; sourceTree = "<group>"; };
		ED46D8B92B63E65A00E314A9 /* LocationSearchResultCell.swift */ = {isa = PBXFileReference; lastKnownFileType = sourcecode.swift; path = LocationSearchResultCell.swift; sourceTree = "<group>"; };
		ED46D8BB2B6444B100E314A9 /* LocationSearchViewModel.swift */ = {isa = PBXFileReference; lastKnownFileType = sourcecode.swift; path = LocationSearchViewModel.swift; sourceTree = "<group>"; };
		EDC474742B67BAB2001870D6 /* MapViewState.swift */ = {isa = PBXFileReference; lastKnownFileType = sourcecode.swift; path = MapViewState.swift; sourceTree = "<group>"; };
		EDC474772B68329C001870D6 /* RideRequestView.swift */ = {isa = PBXFileReference; lastKnownFileType = sourcecode.swift; path = RideRequestView.swift; sourceTree = "<group>"; };
		EDC474792B68380C001870D6 /* Assets.xcassets */ = {isa = PBXFileReference; lastKnownFileType = folder.assetcatalog; path = Assets.xcassets; sourceTree = "<group>"; };
/* End PBXFileReference section */

/* Begin PBXFrameworksBuildPhase section */
		ED46D88E2B62EAA000E314A9 /* Frameworks */ = {
			isa = PBXFrameworksBuildPhase;
			buildActionMask = 2147483647;
			files = (
			);
			runOnlyForDeploymentPostprocessing = 0;
		};
/* End PBXFrameworksBuildPhase section */

/* Begin PBXGroup section */
		ED46D8882B62EAA000E314A9 = {
			isa = PBXGroup;
			children = (
				ED46D8932B62EAA000E314A9 /* UberCloneSwiftUi */,
				ED46D8922B62EAA000E314A9 /* Products */,
			);
			sourceTree = "<group>";
		};
		ED46D8922B62EAA000E314A9 /* Products */ = {
			isa = PBXGroup;
			children = (
				ED46D8912B62EAA000E314A9 /* UberCloneSwiftUi.app */,
			);
			name = Products;
			sourceTree = "<group>";
		};
		ED46D8932B62EAA000E314A9 /* UberCloneSwiftUi */ = {
			isa = PBXGroup;
			children = (
				ED46D8A62B62EADC00E314A9 /* App */,
				ED46D8A52B62EADA00E314A9 /* Core */,
				ED46D8A42B62EAD800E314A9 /* Extensions */,
				ED46D8A32B62EAD300E314A9 /* Managers */,
				ED46D8A22B62EAC100E314A9 /* Models */,
				EDC474792B68380C001870D6 /* Assets.xcassets */,
				ED46D89A2B62EAA200E314A9 /* Preview Content */,
			);
			path = UberCloneSwiftUi;
			sourceTree = "<group>";
		};
		ED46D89A2B62EAA200E314A9 /* Preview Content */ = {
			isa = PBXGroup;
			children = (
				ED46D89B2B62EAA200E314A9 /* Preview Assets.xcassets */,
			);
			path = "Preview Content";
			sourceTree = "<group>";
		};
		ED46D8A22B62EAC100E314A9 /* Models */ = {
			isa = PBXGroup;
			children = (
				EDC474742B67BAB2001870D6 /* MapViewState.swift */,
			);
			path = Models;
			sourceTree = "<group>";
		};
		ED46D8A32B62EAD300E314A9 /* Managers */ = {
			isa = PBXGroup;
			children = (
				ED46D8AD2B62EE4000E314A9 /* LocationManager.swift */,
			);
			path = Managers;
			sourceTree = "<group>";
		};
		ED46D8A42B62EAD800E314A9 /* Extensions */ = {
			isa = PBXGroup;
			children = (
			);
			path = Extensions;
			sourceTree = "<group>";
		};
		ED46D8A52B62EADA00E314A9 /* Core */ = {
			isa = PBXGroup;
			children = (
				EDC474762B683279001870D6 /* Trips */,
				ED46D8B02B63DAF500E314A9 /* LocationSearch */,
				ED46D8AF2B63DAE300E314A9 /* Home */,
			);
			path = Core;
			sourceTree = "<group>";
		};
		ED46D8A62B62EADC00E314A9 /* App */ = {
			isa = PBXGroup;
			children = (
				ED46D8942B62EAA000E314A9 /* UberCloneSwiftUiApp.swift */,
			);
			path = App;
			sourceTree = "<group>";
		};
		ED46D8A72B62EB1500E314A9 /* ViewModels */ = {
			isa = PBXGroup;
			children = (
			);
			path = ViewModels;
			sourceTree = "<group>";
		};
		ED46D8A82B62EB1F00E314A9 /* Views */ = {
			isa = PBXGroup;
			children = (
				ED46D8A92B62EB4300E314A9 /* HomeView.swift */,
				ED46D8AB2B62EC1B00E314A9 /* UberMapViewRepresentable.swift */,
				ED46D8B52B63DDEF00E314A9 /* MapViewActionButton.swift */,
			);
			path = Views;
			sourceTree = "<group>";
		};
		ED46D8AF2B63DAE300E314A9 /* Home */ = {
			isa = PBXGroup;
			children = (
				ED46D8A82B62EB1F00E314A9 /* Views */,
				ED46D8A72B62EB1500E314A9 /* ViewModels */,
			);
			path = Home;
			sourceTree = "<group>";
		};
		ED46D8B02B63DAF500E314A9 /* LocationSearch */ = {
			isa = PBXGroup;
			children = (
				ED46D8B22B63DB1300E314A9 /* Views */,
				ED46D8B12B63DB0A00E314A9 /* ViewModel */,
			);
			path = LocationSearch;
			sourceTree = "<group>";
		};
		ED46D8B12B63DB0A00E314A9 /* ViewModel */ = {
			isa = PBXGroup;
			children = (
				ED46D8BB2B6444B100E314A9 /* LocationSearchViewModel.swift */,
			);
			path = ViewModel;
			sourceTree = "<group>";
		};
		ED46D8B22B63DB1300E314A9 /* Views */ = {
			isa = PBXGroup;
			children = (
				ED46D8B32B63DB3700E314A9 /* LocationSearchActivationView.swift */,
				ED46D8B72B63DF5000E314A9 /* LocationSearchView.swift */,
				ED46D8B92B63E65A00E314A9 /* LocationSearchResultCell.swift */,
			);
			path = Views;
			sourceTree = "<group>";
		};
		EDC474762B683279001870D6 /* Trips */ = {
			isa = PBXGroup;
			children = (
				EDC474772B68329C001870D6 /* RideRequestView.swift */,
			);
			path = Trips;
			sourceTree = "<group>";
		};
/* End PBXGroup section */

/* Begin PBXNativeTarget section */
		ED46D8902B62EAA000E314A9 /* UberCloneSwiftUi */ = {
			isa = PBXNativeTarget;
			buildConfigurationList = ED46D89F2B62EAA200E314A9 /* Build configuration list for PBXNativeTarget "UberCloneSwiftUi" */;
			buildPhases = (
				ED46D88D2B62EAA000E314A9 /* Sources */,
				ED46D88E2B62EAA000E314A9 /* Frameworks */,
				ED46D88F2B62EAA000E314A9 /* Resources */,
			);
			buildRules = (
			);
			dependencies = (
			);
			name = UberCloneSwiftUi;
			productName = UberCloneSwiftUi;
			productReference = ED46D8912B62EAA000E314A9 /* UberCloneSwiftUi.app */;
			productType = "com.apple.product-type.application";
		};
/* End PBXNativeTarget section */

/* Begin PBXProject section */
		ED46D8892B62EAA000E314A9 /* Project object */ = {
			isa = PBXProject;
			attributes = {
				BuildIndependentTargetsInParallel = 1;
				LastSwiftUpdateCheck = 1500;
				LastUpgradeCheck = 1500;
				TargetAttributes = {
					ED46D8902B62EAA000E314A9 = {
						CreatedOnToolsVersion = 15.0.1;
					};
				};
			};
			buildConfigurationList = ED46D88C2B62EAA000E314A9 /* Build configuration list for PBXProject "UberCloneSwiftUi" */;
			compatibilityVersion = "Xcode 14.0";
			developmentRegion = en;
			hasScannedForEncodings = 0;
			knownRegions = (
				en,
				Base,
			);
			mainGroup = ED46D8882B62EAA000E314A9;
			productRefGroup = ED46D8922B62EAA000E314A9 /* Products */;
			projectDirPath = "";
			projectRoot = "";
			targets = (
				ED46D8902B62EAA000E314A9 /* UberCloneSwiftUi */,
			);
		};
/* End PBXProject section */

/* Begin PBXResourcesBuildPhase section */
		ED46D88F2B62EAA000E314A9 /* Resources */ = {
			isa = PBXResourcesBuildPhase;
			buildActionMask = 2147483647;
			files = (
				EDC4747A2B68380C001870D6 /* Assets.xcassets in Resources */,
				ED46D89C2B62EAA200E314A9 /* Preview Assets.xcassets in Resources */,
			);
			runOnlyForDeploymentPostprocessing = 0;
		};
/* End PBXResourcesBuildPhase section */

/* Begin PBXSourcesBuildPhase section */
		ED46D88D2B62EAA000E314A9 /* Sources */ = {
			isa = PBXSourcesBuildPhase;
			buildActionMask = 2147483647;
			files = (
				ED46D8BC2B6444B100E314A9 /* LocationSearchViewModel.swift in Sources */,
				ED46D8B82B63DF5000E314A9 /* LocationSearchView.swift in Sources */,
				ED46D8AE2B62EE4000E314A9 /* LocationManager.swift in Sources */,
				EDC474782B68329C001870D6 /* RideRequestView.swift in Sources */,
				EDC474752B67BAB2001870D6 /* MapViewState.swift in Sources */,
				ED46D8B62B63DDEF00E314A9 /* MapViewActionButton.swift in Sources */,
				ED46D8AA2B62EB4300E314A9 /* HomeView.swift in Sources */,
				ED46D8AC2B62EC1B00E314A9 /* UberMapViewRepresentable.swift in Sources */,
				ED46D8952B62EAA000E314A9 /* UberCloneSwiftUiApp.swift in Sources */,
				ED46D8B42B63DB3700E314A9 /* LocationSearchActivationView.swift in Sources */,
				ED46D8BA2B63E65A00E314A9 /* LocationSearchResultCell.swift in Sources */,
			);
			runOnlyForDeploymentPostprocessing = 0;
		};
/* End PBXSourcesBuildPhase section */

/* Begin XCBuildConfiguration section */
		ED46D89D2B62EAA200E314A9 /* Debug */ = {
			isa = XCBuildConfiguration;
			buildSettings = {
				ALWAYS_SEARCH_USER_PATHS = NO;
				ASSETCATALOG_COMPILER_GENERATE_SWIFT_ASSET_SYMBOL_EXTENSIONS = YES;
				CLANG_ANALYZER_NONNULL = YES;
				CLANG_ANALYZER_NUMBER_OBJECT_CONVERSION = YES_AGGRESSIVE;
				CLANG_CXX_LANGUAGE_STANDARD = "gnu++20";
				CLANG_ENABLE_MODULES = YES;
				CLANG_ENABLE_OBJC_ARC = YES;
				CLANG_ENABLE_OBJC_WEAK = YES;
				CLANG_WARN_BLOCK_CAPTURE_AUTORELEASING = YES;
				CLANG_WARN_BOOL_CONVERSION = YES;
				CLANG_WARN_COMMA = YES;
				CLANG_WARN_CONSTANT_CONVERSION = YES;
				CLANG_WARN_DEPRECATED_OBJC_IMPLEMENTATIONS = YES;
				CLANG_WARN_DIRECT_OBJC_ISA_USAGE = YES_ERROR;
				CLANG_WARN_DOCUMENTATION_COMMENTS = YES;
				CLANG_WARN_EMPTY_BODY = YES;
				CLANG_WARN_ENUM_CONVERSION = YES;
				CLANG_WARN_INFINITE_RECURSION = YES;
				CLANG_WARN_INT_CONVERSION = YES;
				CLANG_WARN_NON_LITERAL_NULL_CONVERSION = YES;
				CLANG_WARN_OBJC_IMPLICIT_RETAIN_SELF = YES;
				CLANG_WARN_OBJC_LITERAL_CONVERSION = YES;
				CLANG_WARN_OBJC_ROOT_CLASS = YES_ERROR;
				CLANG_WARN_QUOTED_INCLUDE_IN_FRAMEWORK_HEADER = YES;
				CLANG_WARN_RANGE_LOOP_ANALYSIS = YES;
				CLANG_WARN_STRICT_PROTOTYPES = YES;
				CLANG_WARN_SUSPICIOUS_MOVE = YES;
				CLANG_WARN_UNGUARDED_AVAILABILITY = YES_AGGRESSIVE;
				CLANG_WARN_UNREACHABLE_CODE = YES;
				CLANG_WARN__DUPLICATE_METHOD_MATCH = YES;
				COPY_PHASE_STRIP = NO;
				DEBUG_INFORMATION_FORMAT = dwarf;
				ENABLE_STRICT_OBJC_MSGSEND = YES;
				ENABLE_TESTABILITY = YES;
				ENABLE_USER_SCRIPT_SANDBOXING = YES;
				GCC_C_LANGUAGE_STANDARD = gnu17;
				GCC_DYNAMIC_NO_PIC = NO;
				GCC_NO_COMMON_BLOCKS = YES;
				GCC_OPTIMIZATION_LEVEL = 0;
				GCC_PREPROCESSOR_DEFINITIONS = (
					"DEBUG=1",
					"$(inherited)",
				);
				GCC_WARN_64_TO_32_BIT_CONVERSION = YES;
				GCC_WARN_ABOUT_RETURN_TYPE = YES_ERROR;
				GCC_WARN_UNDECLARED_SELECTOR = YES;
				GCC_WARN_UNINITIALIZED_AUTOS = YES_AGGRESSIVE;
				GCC_WARN_UNUSED_FUNCTION = YES;
				GCC_WARN_UNUSED_VARIABLE = YES;
				IPHONEOS_DEPLOYMENT_TARGET = 17.0;
				LOCALIZATION_PREFERS_STRING_CATALOGS = YES;
				MTL_ENABLE_DEBUG_INFO = INCLUDE_SOURCE;
				MTL_FAST_MATH = YES;
				ONLY_ACTIVE_ARCH = YES;
				SDKROOT = iphoneos;
				SWIFT_ACTIVE_COMPILATION_CONDITIONS = "DEBUG $(inherited)";
				SWIFT_OPTIMIZATION_LEVEL = "-Onone";
			};
			name = Debug;
		};
		ED46D89E2B62EAA200E314A9 /* Release */ = {
			isa = XCBuildConfiguration;
			buildSettings = {
				ALWAYS_SEARCH_USER_PATHS = NO;
				ASSETCATALOG_COMPILER_GENERATE_SWIFT_ASSET_SYMBOL_EXTENSIONS = YES;
				CLANG_ANALYZER_NONNULL = YES;
				CLANG_ANALYZER_NUMBER_OBJECT_CONVERSION = YES_AGGRESSIVE;
				CLANG_CXX_LANGUAGE_STANDARD = "gnu++20";
				CLANG_ENABLE_MODULES = YES;
				CLANG_ENABLE_OBJC_ARC = YES;
				CLANG_ENABLE_OBJC_WEAK = YES;
				CLANG_WARN_BLOCK_CAPTURE_AUTORELEASING = YES;
				CLANG_WARN_BOOL_CONVERSION = YES;
				CLANG_WARN_COMMA = YES;
				CLANG_WARN_CONSTANT_CONVERSION = YES;
				CLANG_WARN_DEPRECATED_OBJC_IMPLEMENTATIONS = YES;
				CLANG_WARN_DIRECT_OBJC_ISA_USAGE = YES_ERROR;
				CLANG_WARN_DOCUMENTATION_COMMENTS = YES;
				CLANG_WARN_EMPTY_BODY = YES;
				CLANG_WARN_ENUM_CONVERSION = YES;
				CLANG_WARN_INFINITE_RECURSION = YES;
				CLANG_WARN_INT_CONVERSION = YES;
				CLANG_WARN_NON_LITERAL_NULL_CONVERSION = YES;
				CLANG_WARN_OBJC_IMPLICIT_RETAIN_SELF = YES;
				CLANG_WARN_OBJC_LITERAL_CONVERSION = YES;
				CLANG_WARN_OBJC_ROOT_CLASS = YES_ERROR;
				CLANG_WARN_QUOTED_INCLUDE_IN_FRAMEWORK_HEADER = YES;
				CLANG_WARN_RANGE_LOOP_ANALYSIS = YES;
				CLANG_WARN_STRICT_PROTOTYPES = YES;
				CLANG_WARN_SUSPICIOUS_MOVE = YES;
				CLANG_WARN_UNGUARDED_AVAILABILITY = YES_AGGRESSIVE;
				CLANG_WARN_UNREACHABLE_CODE = YES;
				CLANG_WARN__DUPLICATE_METHOD_MATCH = YES;
				COPY_PHASE_STRIP = NO;
				DEBUG_INFORMATION_FORMAT = "dwarf-with-dsym";
				ENABLE_NS_ASSERTIONS = NO;
				ENABLE_STRICT_OBJC_MSGSEND = YES;
				ENABLE_USER_SCRIPT_SANDBOXING = YES;
				GCC_C_LANGUAGE_STANDARD = gnu17;
				GCC_NO_COMMON_BLOCKS = YES;
				GCC_WARN_64_TO_32_BIT_CONVERSION = YES;
				GCC_WARN_ABOUT_RETURN_TYPE = YES_ERROR;
				GCC_WARN_UNDECLARED_SELECTOR = YES;
				GCC_WARN_UNINITIALIZED_AUTOS = YES_AGGRESSIVE;
				GCC_WARN_UNUSED_FUNCTION = YES;
				GCC_WARN_UNUSED_VARIABLE = YES;
				IPHONEOS_DEPLOYMENT_TARGET = 17.0;
				LOCALIZATION_PREFERS_STRING_CATALOGS = YES;
				MTL_ENABLE_DEBUG_INFO = NO;
				MTL_FAST_MATH = YES;
				SDKROOT = iphoneos;
				SWIFT_COMPILATION_MODE = wholemodule;
				VALIDATE_PRODUCT = YES;
			};
			name = Release;
		};
		ED46D8A02B62EAA200E314A9 /* Debug */ = {
			isa = XCBuildConfiguration;
			buildSettings = {
				ASSETCATALOG_COMPILER_APPICON_NAME = AppIcon;
				ASSETCATALOG_COMPILER_GLOBAL_ACCENT_COLOR_NAME = AccentColor;
				CODE_SIGN_STYLE = Automatic;
				CURRENT_PROJECT_VERSION = 1;
				DEVELOPMENT_ASSET_PATHS = "\"UberCloneSwiftUi/Preview Content\"";
				ENABLE_PREVIEWS = YES;
				GENERATE_INFOPLIST_FILE = YES;
				INFOPLIST_KEY_NSLocationWhenInUseUsageDescription = "Please allow us to fetch your location.";
				INFOPLIST_KEY_UIApplicationSceneManifest_Generation = YES;
				INFOPLIST_KEY_UIApplicationSupportsIndirectInputEvents = YES;
				INFOPLIST_KEY_UILaunchScreen_Generation = YES;
				INFOPLIST_KEY_UISupportedInterfaceOrientations_iPad = "UIInterfaceOrientationPortrait UIInterfaceOrientationPortraitUpsideDown UIInterfaceOrientationLandscapeLeft UIInterfaceOrientationLandscapeRight";
				INFOPLIST_KEY_UISupportedInterfaceOrientations_iPhone = "UIInterfaceOrientationPortrait UIInterfaceOrientationLandscapeLeft UIInterfaceOrientationLandscapeRight";
				LD_RUNPATH_SEARCH_PATHS = (
					"$(inherited)",
					"@executable_path/Frameworks",
				);
				MARKETING_VERSION = 1.0;
				PRODUCT_BUNDLE_IDENTIFIER = com.iNamaN77.UberCloneSwiftUi;
				PRODUCT_NAME = "$(TARGET_NAME)";
				SWIFT_EMIT_LOC_STRINGS = YES;
				SWIFT_VERSION = 5.0;
				TARGETED_DEVICE_FAMILY = "1,2";
			};
			name = Debug;
		};
		ED46D8A12B62EAA200E314A9 /* Release */ = {
			isa = XCBuildConfiguration;
			buildSettings = {
				ASSETCATALOG_COMPILER_APPICON_NAME = AppIcon;
				ASSETCATALOG_COMPILER_GLOBAL_ACCENT_COLOR_NAME = AccentColor;
				CODE_SIGN_STYLE = Automatic;
				CURRENT_PROJECT_VERSION = 1;
				DEVELOPMENT_ASSET_PATHS = "\"UberCloneSwiftUi/Preview Content\"";
				ENABLE_PREVIEWS = YES;
				GENERATE_INFOPLIST_FILE = YES;
				INFOPLIST_KEY_NSLocationWhenInUseUsageDescription = "Please allow us to fetch your location.";
				INFOPLIST_KEY_UIApplicationSceneManifest_Generation = YES;
				INFOPLIST_KEY_UIApplicationSupportsIndirectInputEvents = YES;
				INFOPLIST_KEY_UILaunchScreen_Generation = YES;
				INFOPLIST_KEY_UISupportedInterfaceOrientations_iPad = "UIInterfaceOrientationPortrait UIInterfaceOrientationPortraitUpsideDown UIInterfaceOrientationLandscapeLeft UIInterfaceOrientationLandscapeRight";
				INFOPLIST_KEY_UISupportedInterfaceOrientations_iPhone = "UIInterfaceOrientationPortrait UIInterfaceOrientationLandscapeLeft UIInterfaceOrientationLandscapeRight";
				LD_RUNPATH_SEARCH_PATHS = (
					"$(inherited)",
					"@executable_path/Frameworks",
				);
				MARKETING_VERSION = 1.0;
				PRODUCT_BUNDLE_IDENTIFIER = com.iNamaN77.UberCloneSwiftUi;
				PRODUCT_NAME = "$(TARGET_NAME)";
				SWIFT_EMIT_LOC_STRINGS = YES;
				SWIFT_VERSION = 5.0;
				TARGETED_DEVICE_FAMILY = "1,2";
			};
			name = Release;
		};
/* End XCBuildConfiguration section */

/* Begin XCConfigurationList section */
		ED46D88C2B62EAA000E314A9 /* Build configuration list for PBXProject "UberCloneSwiftUi" */ = {
			isa = XCConfigurationList;
			buildConfigurations = (
				ED46D89D2B62EAA200E314A9 /* Debug */,
				ED46D89E2B62EAA200E314A9 /* Release */,
			);
			defaultConfigurationIsVisible = 0;
			defaultConfigurationName = Release;
		};
		ED46D89F2B62EAA200E314A9 /* Build configuration list for PBXNativeTarget "UberCloneSwiftUi" */ = {
			isa = XCConfigurationList;
			buildConfigurations = (
				ED46D8A02B62EAA200E314A9 /* Debug */,
				ED46D8A12B62EAA200E314A9 /* Release */,
			);
			defaultConfigurationIsVisible = 0;
			defaultConfigurationName = Release;
		};
/* End XCConfigurationList section */
	};
	rootObject = ED46D8892B62EAA000E314A9 /* Project object */;
}
